
Microsoft Visual Studio Solution File, Format Version 12.00
# Visual Studio Version 17
VisualStudioVersion = 17.5.002.0
MinimumVisualStudioVersion = 10.0.40219.1
Project("{9A19103F-16F7-4668-BE54-9A1E7A4F7556}") = "projetoDeTestes", "projetoDeTestes\projetoDeTestes.csproj", "{5F35DD96-921C-4C70-82C0-0EEB562BEDCD}"
EndProject
Global
	GlobalSection(SolutionConfigurationPlatforms) = preSolution
		Debug|Any CPU = Debug|Any CPU
		Release|Any CPU = Release|Any CPU
	EndGlobalSection
	GlobalSection(ProjectConfigurationPlatforms) = postSolution
		{5F35DD96-921C-4C70-82C0-0EEB562BEDCD}.Debug|Any CPU.ActiveCfg = Debug|Any CPU
		{5F35DD96-921C-4C70-82C0-0EEB562BEDCD}.Debug|Any CPU.Build.0 = Debug|Any CPU
		{5F35DD96-921C-4C70-82C0-0EEB562BEDCD}.Release|Any CPU.ActiveCfg = Release|Any CPU
		{5F35DD96-921C-4C70-82C0-0EEB562BEDCD}.Release|Any CPU.Build.0 = Release|Any CPU
	EndGlobalSection
	GlobalSection(SolutionProperties) = preSolution
		HideSolutionNode = FALSE
	EndGlobalSection
	GlobalSection(ExtensibilityGlobals) = postSolution
		SolutionGuid = {26FCD2A0-CDB3-48E2-9038-E6A7F7FA6523}
	EndGlobalSection
EndGlobal
